// !$*UTF8*$!
{
	archiveVersion = 1;
	classes = {
	};
	objectVersion = 50;
	objects = {

/* Begin PBXBuildFile section */
		90661A4523E09C0100A2CE0E /* AppDelegate.swift in Sources */ = {isa = PBXBuildFile; fileRef = 90661A4423E09C0100A2CE0E /* AppDelegate.swift */; };
		90661A4723E09C0100A2CE0E /* SceneDelegate.swift in Sources */ = {isa = PBXBuildFile; fileRef = 90661A4623E09C0100A2CE0E /* SceneDelegate.swift */; };
		90661A4923E09C0100A2CE0E /* ViewController.swift in Sources */ = {isa = PBXBuildFile; fileRef = 90661A4823E09C0100A2CE0E /* ViewController.swift */; };
		90661A4C23E09C0100A2CE0E /* Main.storyboard in Resources */ = {isa = PBXBuildFile; fileRef = 90661A4A23E09C0100A2CE0E /* Main.storyboard */; };
		90661A4E23E09C0600A2CE0E /* Assets.xcassets in Resources */ = {isa = PBXBuildFile; fileRef = 90661A4D23E09C0600A2CE0E /* Assets.xcassets */; };
		90661A5123E09C0600A2CE0E /* LaunchScreen.storyboard in Resources */ = {isa = PBXBuildFile; fileRef = 90661A4F23E09C0600A2CE0E /* LaunchScreen.storyboard */; };
		90661A5C23E09C0700A2CE0E /* Top_StoriesTests.swift in Sources */ = {isa = PBXBuildFile; fileRef = 90661A5B23E09C0700A2CE0E /* Top_StoriesTests.swift */; };
		90661A6723E09C0700A2CE0E /* Top_StoriesUITests.swift in Sources */ = {isa = PBXBuildFile; fileRef = 90661A6623E09C0700A2CE0E /* Top_StoriesUITests.swift */; };
/* End PBXBuildFile section */

/* Begin PBXContainerItemProxy section */
		90661A5823E09C0700A2CE0E /* PBXContainerItemProxy */ = {
			isa = PBXContainerItemProxy;
			containerPortal = 90661A3923E09C0000A2CE0E /* Project object */;
			proxyType = 1;
			remoteGlobalIDString = 90661A4023E09C0100A2CE0E;
			remoteInfo = "Top Stories";
		};
		90661A6323E09C0700A2CE0E /* PBXContainerItemProxy */ = {
			isa = PBXContainerItemProxy;
			containerPortal = 90661A3923E09C0000A2CE0E /* Project object */;
			proxyType = 1;
			remoteGlobalIDString = 90661A4023E09C0100A2CE0E;
			remoteInfo = "Top Stories";
		};
/* End PBXContainerItemProxy section */

/* Begin PBXFileReference section */
		90661A4123E09C0100A2CE0E /* Top Stories.app */ = {isa = PBXFileReference; explicitFileType = wrapper.application; includeInIndex = 0; path = "Top Stories.app"; sourceTree = BUILT_PRODUCTS_DIR; };
		90661A4423E09C0100A2CE0E /* AppDelegate.swift */ = {isa = PBXFileReference; lastKnownFileType = sourcecode.swift; path = AppDelegate.swift; sourceTree = "<group>"; };
		90661A4623E09C0100A2CE0E /* SceneDelegate.swift */ = {isa = PBXFileReference; lastKnownFileType = sourcecode.swift; path = SceneDelegate.swift; sourceTree = "<group>"; };
		90661A4823E09C0100A2CE0E /* ViewController.swift */ = {isa = PBXFileReference; lastKnownFileType = sourcecode.swift; path = ViewController.swift; sourceTree = "<group>"; };
		90661A4B23E09C0100A2CE0E /* Base */ = {isa = PBXFileReference; lastKnownFileType = file.storyboard; name = Base; path = Base.lproj/Main.storyboard; sourceTree = "<group>"; };
		90661A4D23E09C0600A2CE0E /* Assets.xcassets */ = {isa = PBXFileReference; lastKnownFileType = folder.assetcatalog; path = Assets.xcassets; sourceTree = "<group>"; };
		90661A5023E09C0600A2CE0E /* Base */ = {isa = PBXFileReference; lastKnownFileType = file.storyboard; name = Base; path = Base.lproj/LaunchScreen.storyboard; sourceTree = "<group>"; };
		90661A5223E09C0600A2CE0E /* Info.plist */ = {isa = PBXFileReference; lastKnownFileType = text.plist.xml; path = Info.plist; sourceTree = "<group>"; };
		90661A5723E09C0700A2CE0E /* Top StoriesTests.xctest */ = {isa = PBXFileReference; explicitFileType = wrapper.cfbundle; includeInIndex = 0; path = "Top StoriesTests.xctest"; sourceTree = BUILT_PRODUCTS_DIR; };
		90661A5B23E09C0700A2CE0E /* Top_StoriesTests.swift */ = {isa = PBXFileReference; lastKnownFileType = sourcecode.swift; path = Top_StoriesTests.swift; sourceTree = "<group>"; };
		90661A5D23E09C0700A2CE0E /* Info.plist */ = {isa = PBXFileReference; lastKnownFileType = text.plist.xml; path = Info.plist; sourceTree = "<group>"; };
		90661A6223E09C0700A2CE0E /* Top StoriesUITests.xctest */ = {isa = PBXFileReference; explicitFileType = wrapper.cfbundle; includeInIndex = 0; path = "Top StoriesUITests.xctest"; sourceTree = BUILT_PRODUCTS_DIR; };
		90661A6623E09C0700A2CE0E /* Top_StoriesUITests.swift */ = {isa = PBXFileReference; lastKnownFileType = sourcecode.swift; path = Top_StoriesUITests.swift; sourceTree = "<group>"; };
		90661A6823E09C0700A2CE0E /* Info.plist */ = {isa = PBXFileReference; lastKnownFileType = text.plist.xml; path = Info.plist; sourceTree = "<group>"; };
/* End PBXFileReference section */

/* Begin PBXFrameworksBuildPhase section */
		90661A3E23E09C0100A2CE0E /* Frameworks */ = {
			isa = PBXFrameworksBuildPhase;
			buildActionMask = 2147483647;
			files = (
			);
			runOnlyForDeploymentPostprocessing = 0;
		};
		90661A5423E09C0700A2CE0E /* Frameworks */ = {
			isa = PBXFrameworksBuildPhase;
			buildActionMask = 2147483647;
			files = (
			);
			runOnlyForDeploymentPostprocessing = 0;
		};
		90661A5F23E09C0700A2CE0E /* Frameworks */ = {
			isa = PBXFrameworksBuildPhase;
			buildActionMask = 2147483647;
			files = (
			);
			runOnlyForDeploymentPostprocessing = 0;
		};
/* End PBXFrameworksBuildPhase section */

/* Begin PBXGroup section */
		90661A3823E09C0000A2CE0E = {
			isa = PBXGroup;
			children = (
				90661A4323E09C0100A2CE0E /* Top Stories */,
				90661A5A23E09C0700A2CE0E /* Top StoriesTests */,
				90661A6523E09C0700A2CE0E /* Top StoriesUITests */,
				90661A4223E09C0100A2CE0E /* Products */,
			);
			sourceTree = "<group>";
		};
		90661A4223E09C0100A2CE0E /* Products */ = {
			isa = PBXGroup;
			children = (
				90661A4123E09C0100A2CE0E /* Top Stories.app */,
				90661A5723E09C0700A2CE0E /* Top StoriesTests.xctest */,
				90661A6223E09C0700A2CE0E /* Top StoriesUITests.xctest */,
			);
			name = Products;
			sourceTree = "<group>";
		};
		90661A4323E09C0100A2CE0E /* Top Stories */ = {
			isa = PBXGroup;
			children = (
				90661A4423E09C0100A2CE0E /* AppDelegate.swift */,
				90661A4623E09C0100A2CE0E /* SceneDelegate.swift */,
				90661A4823E09C0100A2CE0E /* ViewController.swift */,
				90661A4A23E09C0100A2CE0E /* Main.storyboard */,
				90661A4D23E09C0600A2CE0E /* Assets.xcassets */,
				90661A4F23E09C0600A2CE0E /* LaunchScreen.storyboard */,
				90661A5223E09C0600A2CE0E /* Info.plist */,
			);
			path = "Top Stories";
			sourceTree = "<group>";
		};
		90661A5A23E09C0700A2CE0E /* Top StoriesTests */ = {
			isa = PBXGroup;
			children = (
				90661A5B23E09C0700A2CE0E /* Top_StoriesTests.swift */,
				90661A5D23E09C0700A2CE0E /* Info.plist */,
			);
			path = "Top StoriesTests";
			sourceTree = "<group>";
		};
		90661A6523E09C0700A2CE0E /* Top StoriesUITests */ = {
			isa = PBXGroup;
			children = (
				90661A6623E09C0700A2CE0E /* Top_StoriesUITests.swift */,
				90661A6823E09C0700A2CE0E /* Info.plist */,
			);
			path = "Top StoriesUITests";
			sourceTree = "<group>";
		};
/* End PBXGroup section */

/* Begin PBXNativeTarget section */
		90661A4023E09C0100A2CE0E /* Top Stories */ = {
			isa = PBXNativeTarget;
			buildConfigurationList = 90661A6B23E09C0700A2CE0E /* Build configuration list for PBXNativeTarget "Top Stories" */;
			buildPhases = (
				90661A3D23E09C0100A2CE0E /* Sources */,
				90661A3E23E09C0100A2CE0E /* Frameworks */,
				90661A3F23E09C0100A2CE0E /* Resources */,
			);
			buildRules = (
			);
			dependencies = (
			);
			name = "Top Stories";
			productName = "Top Stories";
			productReference = 90661A4123E09C0100A2CE0E /* Top Stories.app */;
			productType = "com.apple.product-type.application";
		};
		90661A5623E09C0700A2CE0E /* Top StoriesTests */ = {
			isa = PBXNativeTarget;
			buildConfigurationList = 90661A6E23E09C0700A2CE0E /* Build configuration list for PBXNativeTarget "Top StoriesTests" */;
			buildPhases = (
				90661A5323E09C0700A2CE0E /* Sources */,
				90661A5423E09C0700A2CE0E /* Frameworks */,
				90661A5523E09C0700A2CE0E /* Resources */,
			);
			buildRules = (
			);
			dependencies = (
				90661A5923E09C0700A2CE0E /* PBXTargetDependency */,
			);
			name = "Top StoriesTests";
			productName = "Top StoriesTests";
			productReference = 90661A5723E09C0700A2CE0E /* Top StoriesTests.xctest */;
			productType = "com.apple.product-type.bundle.unit-test";
		};
		90661A6123E09C0700A2CE0E /* Top StoriesUITests */ = {
			isa = PBXNativeTarget;
			buildConfigurationList = 90661A7123E09C0700A2CE0E /* Build configuration list for PBXNativeTarget "Top StoriesUITests" */;
			buildPhases = (
				90661A5E23E09C0700A2CE0E /* Sources */,
				90661A5F23E09C0700A2CE0E /* Frameworks */,
				90661A6023E09C0700A2CE0E /* Resources */,
			);
			buildRules = (
			);
			dependencies = (
				90661A6423E09C0700A2CE0E /* PBXTargetDependency */,
			);
			name = "Top StoriesUITests";
			productName = "Top StoriesUITests";
			productReference = 90661A6223E09C0700A2CE0E /* Top StoriesUITests.xctest */;
			productType = "com.apple.product-type.bundle.ui-testing";
		};
/* End PBXNativeTarget section */

/* Begin PBXProject section */
		90661A3923E09C0000A2CE0E /* Project object */ = {
			isa = PBXProject;
			attributes = {
				LastSwiftUpdateCheck = 1130;
				LastUpgradeCheck = 1130;
				ORGANIZATIONNAME = "Jet Conway";
				TargetAttributes = {
					90661A4023E09C0100A2CE0E = {
						CreatedOnToolsVersion = 11.3.1;
					};
					90661A5623E09C0700A2CE0E = {
						CreatedOnToolsVersion = 11.3.1;
						TestTargetID = 90661A4023E09C0100A2CE0E;
					};
					90661A6123E09C0700A2CE0E = {
						CreatedOnToolsVersion = 11.3.1;
						TestTargetID = 90661A4023E09C0100A2CE0E;
					};
				};
			};
			buildConfigurationList = 90661A3C23E09C0100A2CE0E /* Build configuration list for PBXProject "Top Stories" */;
			compatibilityVersion = "Xcode 9.3";
			developmentRegion = en;
			hasScannedForEncodings = 0;
			knownRegions = (
				en,
				Base,
			);
			mainGroup = 90661A3823E09C0000A2CE0E;
			productRefGroup = 90661A4223E09C0100A2CE0E /* Products */;
			projectDirPath = "";
			projectRoot = "";
			targets = (
				90661A4023E09C0100A2CE0E /* Top Stories */,
				90661A5623E09C0700A2CE0E /* Top StoriesTests */,
				90661A6123E09C0700A2CE0E /* Top StoriesUITests */,
			);
		};
/* End PBXProject section */

/* Begin PBXResourcesBuildPhase section */
		90661A3F23E09C0100A2CE0E /* Resources */ = {
			isa = PBXResourcesBuildPhase;
			buildActionMask = 2147483647;
			files = (
				90661A5123E09C0600A2CE0E /* LaunchScreen.storyboard in Resources */,
				90661A4E23E09C0600A2CE0E /* Assets.xcassets in Resources */,
				90661A4C23E09C0100A2CE0E /* Main.storyboard in Resources */,
			);
			runOnlyForDeploymentPostprocessing = 0;
		};
		90661A5523E09C0700A2CE0E /* Resources */ = {
			isa = PBXResourcesBuildPhase;
			buildActionMask = 2147483647;
			files = (
			);
			runOnlyForDeploymentPostprocessing = 0;
		};
		90661A6023E09C0700A2CE0E /* Resources */ = {
			isa = PBXResourcesBuildPhase;
			buildActionMask = 2147483647;
			files = (
			);
			runOnlyForDeploymentPostprocessing = 0;
		};
/* End PBXResourcesBuildPhase section */

/* Begin PBXSourcesBuildPhase section */
		90661A3D23E09C0100A2CE0E /* Sources */ = {
			isa = PBXSourcesBuildPhase;
			buildActionMask = 2147483647;
			files = (
				90661A4923E09C0100A2CE0E /* ViewController.swift in Sources */,
				90661A4523E09C0100A2CE0E /* AppDelegate.swift in Sources */,
				90661A4723E09C0100A2CE0E /* SceneDelegate.swift in Sources */,
			);
			runOnlyForDeploymentPostprocessing = 0;
		};
		90661A5323E09C0700A2CE0E /* Sources */ = {
			isa = PBXSourcesBuildPhase;
			buildActionMask = 2147483647;
			files = (
				90661A5C23E09C0700A2CE0E /* Top_StoriesTests.swift in Sources */,
			);
			runOnlyForDeploymentPostprocessing = 0;
		};
		90661A5E23E09C0700A2CE0E /* Sources */ = {
			isa = PBXSourcesBuildPhase;
			buildActionMask = 2147483647;
			files = (
				90661A6723E09C0700A2CE0E /* Top_StoriesUITests.swift in Sources */,
			);
			runOnlyForDeploymentPostprocessing = 0;
		};
/* End PBXSourcesBuildPhase section */

/* Begin PBXTargetDependency section */
		90661A5923E09C0700A2CE0E /* PBXTargetDependency */ = {
			isa = PBXTargetDependency;
			target = 90661A4023E09C0100A2CE0E /* Top Stories */;
			targetProxy = 90661A5823E09C0700A2CE0E /* PBXContainerItemProxy */;
		};
		90661A6423E09C0700A2CE0E /* PBXTargetDependency */ = {
			isa = PBXTargetDependency;
			target = 90661A4023E09C0100A2CE0E /* Top Stories */;
			targetProxy = 90661A6323E09C0700A2CE0E /* PBXContainerItemProxy */;
		};
/* End PBXTargetDependency section */

/* Begin PBXVariantGroup section */
		90661A4A23E09C0100A2CE0E /* Main.storyboard */ = {
			isa = PBXVariantGroup;
			children = (
				90661A4B23E09C0100A2CE0E /* Base */,
			);
			name = Main.storyboard;
			sourceTree = "<group>";
		};
		90661A4F23E09C0600A2CE0E /* LaunchScreen.storyboard */ = {
			isa = PBXVariantGroup;
			children = (
				90661A5023E09C0600A2CE0E /* Base */,
			);
			name = LaunchScreen.storyboard;
			sourceTree = "<group>";
		};
/* End PBXVariantGroup section */

/* Begin XCBuildConfiguration section */
		90661A6923E09C0700A2CE0E /* Debug */ = {
			isa = XCBuildConfiguration;
			buildSettings = {
				ALWAYS_SEARCH_USER_PATHS = NO;
				CLANG_ANALYZER_NONNULL = YES;
				CLANG_ANALYZER_NUMBER_OBJECT_CONVERSION = YES_AGGRESSIVE;
				CLANG_CXX_LANGUAGE_STANDARD = "gnu++14";
				CLANG_CXX_LIBRARY = "libc++";
				CLANG_ENABLE_MODULES = YES;
				CLANG_ENABLE_OBJC_ARC = YES;
				CLANG_ENABLE_OBJC_WEAK = YES;
				CLANG_WARN_BLOCK_CAPTURE_AUTORELEASING = YES;
				CLANG_WARN_BOOL_CONVERSION = YES;
				CLANG_WARN_COMMA = YES;
				CLANG_WARN_CONSTANT_CONVERSION = YES;
				CLANG_WARN_DEPRECATED_OBJC_IMPLEMENTATIONS = YES;
				CLANG_WARN_DIRECT_OBJC_ISA_USAGE = YES_ERROR;
				CLANG_WARN_DOCUMENTATION_COMMENTS = YES;
				CLANG_WARN_EMPTY_BODY = YES;
				CLANG_WARN_ENUM_CONVERSION = YES;
				CLANG_WARN_INFINITE_RECURSION = YES;
				CLANG_WARN_INT_CONVERSION = YES;
				CLANG_WARN_NON_LITERAL_NULL_CONVERSION = YES;
				CLANG_WARN_OBJC_IMPLICIT_RETAIN_SELF = YES;
				CLANG_WARN_OBJC_LITERAL_CONVERSION = YES;
				CLANG_WARN_OBJC_ROOT_CLASS = YES_ERROR;
				CLANG_WARN_RANGE_LOOP_ANALYSIS = YES;
				CLANG_WARN_STRICT_PROTOTYPES = YES;
				CLANG_WARN_SUSPICIOUS_MOVE = YES;
				CLANG_WARN_UNGUARDED_AVAILABILITY = YES_AGGRESSIVE;
				CLANG_WARN_UNREACHABLE_CODE = YES;
				CLANG_WARN__DUPLICATE_METHOD_MATCH = YES;
				COPY_PHASE_STRIP = NO;
				DEBUG_INFORMATION_FORMAT = dwarf;
				ENABLE_STRICT_OBJC_MSGSEND = YES;
				ENABLE_TESTABILITY = YES;
				GCC_C_LANGUAGE_STANDARD = gnu11;
				GCC_DYNAMIC_NO_PIC = NO;
				GCC_NO_COMMON_BLOCKS = YES;
				GCC_OPTIMIZATION_LEVEL = 0;
				GCC_PREPROCESSOR_DEFINITIONS = (
					"DEBUG=1",
					"$(inherited)",
				);
				GCC_WARN_64_TO_32_BIT_CONVERSION = YES;
				GCC_WARN_ABOUT_RETURN_TYPE = YES_ERROR;
				GCC_WARN_UNDECLARED_SELECTOR = YES;
				GCC_WARN_UNINITIALIZED_AUTOS = YES_AGGRESSIVE;
				GCC_WARN_UNUSED_FUNCTION = YES;
				GCC_WARN_UNUSED_VARIABLE = YES;
				IPHONEOS_DEPLOYMENT_TARGET = 13.2;
				MTL_ENABLE_DEBUG_INFO = INCLUDE_SOURCE;
				MTL_FAST_MATH = YES;
				ONLY_ACTIVE_ARCH = YES;
				SDKROOT = iphoneos;
				SWIFT_ACTIVE_COMPILATION_CONDITIONS = DEBUG;
				SWIFT_OPTIMIZATION_LEVEL = "-Onone";
			};
			name = Debug;
		};
		90661A6A23E09C0700A2CE0E /* Release */ = {
			isa = XCBuildConfiguration;
			buildSettings = {
				ALWAYS_SEARCH_USER_PATHS = NO;
				CLANG_ANALYZER_NONNULL = YES;
				CLANG_ANALYZER_NUMBER_OBJECT_CONVERSION = YES_AGGRESSIVE;
				CLANG_CXX_LANGUAGE_STANDARD = "gnu++14";
				CLANG_CXX_LIBRARY = "libc++";
				CLANG_ENABLE_MODULES = YES;
				CLANG_ENABLE_OBJC_ARC = YES;
				CLANG_ENABLE_OBJC_WEAK = YES;
				CLANG_WARN_BLOCK_CAPTURE_AUTORELEASING = YES;
				CLANG_WARN_BOOL_CONVERSION = YES;
				CLANG_WARN_COMMA = YES;
				CLANG_WARN_CONSTANT_CONVERSION = YES;
				CLANG_WARN_DEPRECATED_OBJC_IMPLEMENTATIONS = YES;
				CLANG_WARN_DIRECT_OBJC_ISA_USAGE = YES_ERROR;
				CLANG_WARN_DOCUMENTATION_COMMENTS = YES;
				CLANG_WARN_EMPTY_BODY = YES;
				CLANG_WARN_ENUM_CONVERSION = YES;
				CLANG_WARN_INFINITE_RECURSION = YES;
				CLANG_WARN_INT_CONVERSION = YES;
				CLANG_WARN_NON_LITERAL_NULL_CONVERSION = YES;
				CLANG_WARN_OBJC_IMPLICIT_RETAIN_SELF = YES;
				CLANG_WARN_OBJC_LITERAL_CONVERSION = YES;
				CLANG_WARN_OBJC_ROOT_CLASS = YES_ERROR;
				CLANG_WARN_RANGE_LOOP_ANALYSIS = YES;
				CLANG_WARN_STRICT_PROTOTYPES = YES;
				CLANG_WARN_SUSPICIOUS_MOVE = YES;
				CLANG_WARN_UNGUARDED_AVAILABILITY = YES_AGGRESSIVE;
				CLANG_WARN_UNREACHABLE_CODE = YES;
				CLANG_WARN__DUPLICATE_METHOD_MATCH = YES;
				COPY_PHASE_STRIP = NO;
				DEBUG_INFORMATION_FORMAT = "dwarf-with-dsym";
				ENABLE_NS_ASSERTIONS = NO;
				ENABLE_STRICT_OBJC_MSGSEND = YES;
				GCC_C_LANGUAGE_STANDARD = gnu11;
				GCC_NO_COMMON_BLOCKS = YES;
				GCC_WARN_64_TO_32_BIT_CONVERSION = YES;
				GCC_WARN_ABOUT_RETURN_TYPE = YES_ERROR;
				GCC_WARN_UNDECLARED_SELECTOR = YES;
				GCC_WARN_UNINITIALIZED_AUTOS = YES_AGGRESSIVE;
				GCC_WARN_UNUSED_FUNCTION = YES;
				GCC_WARN_UNUSED_VARIABLE = YES;
				IPHONEOS_DEPLOYMENT_TARGET = 13.2;
				MTL_ENABLE_DEBUG_INFO = NO;
				MTL_FAST_MATH = YES;
				SDKROOT = iphoneos;
				SWIFT_COMPILATION_MODE = wholemodule;
				SWIFT_OPTIMIZATION_LEVEL = "-O";
				VALIDATE_PRODUCT = YES;
			};
			name = Release;
		};
		90661A6C23E09C0700A2CE0E /* Debug */ = {
			isa = XCBuildConfiguration;
			buildSettings = {
				ASSETCATALOG_COMPILER_APPICON_NAME = AppIcon;
				CODE_SIGN_STYLE = Automatic;
				INFOPLIST_FILE = "Top Stories/Info.plist";
				LD_RUNPATH_SEARCH_PATHS = (
					"$(inherited)",
					"@executable_path/Frameworks",
				);
				PRODUCT_BUNDLE_IDENTIFIER = "mobile-apps.Top-Stories";
				PRODUCT_NAME = "$(TARGET_NAME)";
				SWIFT_VERSION = 5.0;
				TARGETED_DEVICE_FAMILY = "1,2";
			};
			name = Debug;
		};
		90661A6D23E09C0700A2CE0E /* Release */ = {
			isa = XCBuildConfiguration;
			buildSettings = {
				ASSETCATALOG_COMPILER_APPICON_NAME = AppIcon;
				CODE_SIGN_STYLE = Automatic;
				INFOPLIST_FILE = "Top Stories/Info.plist";
				LD_RUNPATH_SEARCH_PATHS = (
					"$(inherited)",
					"@executable_path/Frameworks",
				);
				PRODUCT_BUNDLE_IDENTIFIER = "mobile-apps.Top-Stories";
				PRODUCT_NAME = "$(TARGET_NAME)";
				SWIFT_VERSION = 5.0;
				TARGETED_DEVICE_FAMILY = "1,2";
			};
			name = Release;
		};
		90661A6F23E09C0700A2CE0E /* Debug */ = {
			isa = XCBuildConfiguration;
			buildSettings = {
				ALWAYS_EMBED_SWIFT_STANDARD_LIBRARIES = YES;
				BUNDLE_LOADER = "$(TEST_HOST)";
				CODE_SIGN_STYLE = Automatic;
				INFOPLIST_FILE = "Top StoriesTests/Info.plist";
				IPHONEOS_DEPLOYMENT_TARGET = 13.2;
				LD_RUNPATH_SEARCH_PATHS = (
					"$(inherited)",
					"@executable_path/Frameworks",
					"@loader_path/Frameworks",
				);
				PRODUCT_BUNDLE_IDENTIFIER = "mobile-apps.Top-StoriesTests";
				PRODUCT_NAME = "$(TARGET_NAME)";
				SWIFT_VERSION = 5.0;
				TARGETED_DEVICE_FAMILY = "1,2";
				TEST_HOST = "$(BUILT_PRODUCTS_DIR)/Top Stories.app/Top Stories";
			};
			name = Debug;
		};
		90661A7023E09C0700A2CE0E /* Release */ = {
			isa = XCBuildConfiguration;
			buildSettings = {
				ALWAYS_EMBED_SWIFT_STANDARD_LIBRARIES = YES;
				BUNDLE_LOADER = "$(TEST_HOST)";
				CODE_SIGN_STYLE = Automatic;
				INFOPLIST_FILE = "Top StoriesTests/Info.plist";
				IPHONEOS_DEPLOYMENT_TARGET = 13.2;
				LD_RUNPATH_SEARCH_PATHS = (
					"$(inherited)",
					"@executable_path/Frameworks",
					"@loader_path/Frameworks",
				);
				PRODUCT_BUNDLE_IDENTIFIER = "mobile-apps.Top-StoriesTests";
				PRODUCT_NAME = "$(TARGET_NAME)";
				SWIFT_VERSION = 5.0;
				TARGETED_DEVICE_FAMILY = "1,2";
				TEST_HOST = "$(BUILT_PRODUCTS_DIR)/Top Stories.app/Top Stories";
			};
			name = Release;
		};
		90661A7223E09C0700A2CE0E /* Debug */ = {
			isa = XCBuildConfiguration;
			buildSettings = {
				ALWAYS_EMBED_SWIFT_STANDARD_LIBRARIES = YES;
				CODE_SIGN_STYLE = Automatic;
				INFOPLIST_FILE = "Top StoriesUITests/Info.plist";
				LD_RUNPATH_SEARCH_PATHS = (
					"$(inherited)",
					"@executable_path/Frameworks",
					"@loader_path/Frameworks",
				);
				PRODUCT_BUNDLE_IDENTIFIER = "mobile-apps.Top-StoriesUITests";
				PRODUCT_NAME = "$(TARGET_NAME)";
				SWIFT_VERSION = 5.0;
				TARGETED_DEVICE_FAMILY = "1,2";
				TEST_TARGET_NAME = "Top Stories";
			};
			name = Debug;
		};
		90661A7323E09C0700A2CE0E /* Release */ = {
			isa = XCBuildConfiguration;
			buildSettings = {
				ALWAYS_EMBED_SWIFT_STANDARD_LIBRARIES = YES;
				CODE_SIGN_STYLE = Automatic;
				INFOPLIST_FILE = "Top StoriesUITests/Info.plist";
				LD_RUNPATH_SEARCH_PATHS = (
					"$(inherited)",
					"@executable_path/Frameworks",
					"@loader_path/Frameworks",
				);
				PRODUCT_BUNDLE_IDENTIFIER = "mobile-apps.Top-StoriesUITests";
				PRODUCT_NAME = "$(TARGET_NAME)";
				SWIFT_VERSION = 5.0;
				TARGETED_DEVICE_FAMILY = "1,2";
				TEST_TARGET_NAME = "Top Stories";
			};
			name = Release;
		};
/* End XCBuildConfiguration section */

/* Begin XCConfigurationList section */
		90661A3C23E09C0100A2CE0E /* Build configuration list for PBXProject "Top Stories" */ = {
			isa = XCConfigurationList;
			buildConfigurations = (
				90661A6923E09C0700A2CE0E /* Debug */,
				90661A6A23E09C0700A2CE0E /* Release */,
			);
			defaultConfigurationIsVisible = 0;
			defaultConfigurationName = Release;
		};
		90661A6B23E09C0700A2CE0E /* Build configuration list for PBXNativeTarget "Top Stories" */ = {
			isa = XCConfigurationList;
			buildConfigurations = (
				90661A6C23E09C0700A2CE0E /* Debug */,
				90661A6D23E09C0700A2CE0E /* Release */,
			);
			defaultConfigurationIsVisible = 0;
			defaultConfigurationName = Release;
		};
		90661A6E23E09C0700A2CE0E /* Build configuration list for PBXNativeTarget "Top StoriesTests" */ = {
			isa = XCConfigurationList;
			buildConfigurations = (
				90661A6F23E09C0700A2CE0E /* Debug */,
				90661A7023E09C0700A2CE0E /* Release */,
			);
			defaultConfigurationIsVisible = 0;
			defaultConfigurationName = Release;
		};
		90661A7123E09C0700A2CE0E /* Build configuration list for PBXNativeTarget "Top StoriesUITests" */ = {
			isa = XCConfigurationList;
			buildConfigurations = (
				90661A7223E09C0700A2CE0E /* Debug */,
				90661A7323E09C0700A2CE0E /* Release */,
			);
			defaultConfigurationIsVisible = 0;
			defaultConfigurationName = Release;
		};
/* End XCConfigurationList section */
	};
	rootObject = 90661A3923E09C0000A2CE0E /* Project object */;
}
